
Microsoft Visual Studio Solution File, Format Version 12.00
# Visual Studio Version 17
VisualStudioVersion = 17.14.36414.22 d17.14
MinimumVisualStudioVersion = 10.0.40219.1
Project("{FAE04EC0-301F-11D3-BF4B-00C04F79EFBC}") = "FARMACIA", "FARMACIA.csproj", "{62D487D4-B658-4718-8484-EDB6D74C89DC}"
EndProject
Global
	GlobalSection(SolutionConfigurationPlatforms) = preSolution
		Debug|Any CPU = Debug|Any CPU
		Release|Any CPU = Release|Any CPU
	EndGlobalSection
	GlobalSection(ProjectConfigurationPlatforms) = postSolution
		{62D487D4-B658-4718-8484-EDB6D74C89DC}.Debug|Any CPU.ActiveCfg = Debug|Any CPU
		{62D487D4-B658-4718-8484-EDB6D74C89DC}.Debug|Any CPU.Build.0 = Debug|Any CPU
		{62D487D4-B658-4718-8484-EDB6D74C89DC}.Release|Any CPU.ActiveCfg = Release|Any CPU
		{62D487D4-B658-4718-8484-EDB6D74C89DC}.Release|Any CPU.Build.0 = Release|Any CPU
	EndGlobalSection
	GlobalSection(SolutionProperties) = preSolution
		HideSolutionNode = FALSE
	EndGlobalSection
	GlobalSection(ExtensibilityGlobals) = postSolution
		SolutionGuid = {F735397F-E27F-455D-9336-41BC37976F4F}
	EndGlobalSection
EndGlobal
